
Microsoft Visual Studio Solution File, Format Version 12.00
# Visual Studio Version 17
VisualStudioVersion = 17.4.33213.308
MinimumVisualStudioVersion = 10.0.40219.1
Project("{FAE04EC0-301F-11D3-BF4B-00C04F79EFBC}") = "Library.API", "Library\Library.API.csproj", "{5F7C85DB-76C1-44FD-AE07-6C18687A030C}"
EndProject
Project("{FAE04EC0-301F-11D3-BF4B-00C04F79EFBC}") = "Library.Services", "Library.API\Library.Services.csproj", "{7052BA86-B540-4A50-B188-5CF081CDA8D0}"
EndProject
Project("{FAE04EC0-301F-11D3-BF4B-00C04F79EFBC}") = "Library.Data", "Library.DATA\Library.Data.csproj", "{E780940C-33FA-49B0-9BC3-EFC4ADCD1BD2}"
EndProject
Project("{FAE04EC0-301F-11D3-BF4B-00C04F79EFBC}") = "Library.Dto", "Library.Dto\Library.Dto.csproj", "{14C8E335-CC9F-41F5-AACA-BC25985D4FBA}"
EndProject
Project("{FAE04EC0-301F-11D3-BF4B-00C04F79EFBC}") = "Library.Infrastructure", "Library.Infrastructure\Library.Infrastructure.csproj", "{7B65AD49-5B6D-46E5-9646-D9F77DA6F987}"
EndProject
Global
	GlobalSection(SolutionConfigurationPlatforms) = preSolution
		Debug|Any CPU = Debug|Any CPU
		Release|Any CPU = Release|Any CPU
	EndGlobalSection
	GlobalSection(ProjectConfigurationPlatforms) = postSolution
		{5F7C85DB-76C1-44FD-AE07-6C18687A030C}.Debug|Any CPU.ActiveCfg = Debug|Any CPU
		{5F7C85DB-76C1-44FD-AE07-6C18687A030C}.Debug|Any CPU.Build.0 = Debug|Any CPU
		{5F7C85DB-76C1-44FD-AE07-6C18687A030C}.Release|Any CPU.ActiveCfg = Release|Any CPU
		{5F7C85DB-76C1-44FD-AE07-6C18687A030C}.Release|Any CPU.Build.0 = Release|Any CPU
		{7052BA86-B540-4A50-B188-5CF081CDA8D0}.Debug|Any CPU.ActiveCfg = Debug|Any CPU
		{7052BA86-B540-4A50-B188-5CF081CDA8D0}.Debug|Any CPU.Build.0 = Debug|Any CPU
		{7052BA86-B540-4A50-B188-5CF081CDA8D0}.Release|Any CPU.ActiveCfg = Release|Any CPU
		{7052BA86-B540-4A50-B188-5CF081CDA8D0}.Release|Any CPU.Build.0 = Release|Any CPU
		{E780940C-33FA-49B0-9BC3-EFC4ADCD1BD2}.Debug|Any CPU.ActiveCfg = Debug|Any CPU
		{E780940C-33FA-49B0-9BC3-EFC4ADCD1BD2}.Debug|Any CPU.Build.0 = Debug|Any CPU
		{E780940C-33FA-49B0-9BC3-EFC4ADCD1BD2}.Release|Any CPU.ActiveCfg = Release|Any CPU
		{E780940C-33FA-49B0-9BC3-EFC4ADCD1BD2}.Release|Any CPU.Build.0 = Release|Any CPU
		{14C8E335-CC9F-41F5-AACA-BC25985D4FBA}.Debug|Any CPU.ActiveCfg = Debug|Any CPU
		{14C8E335-CC9F-41F5-AACA-BC25985D4FBA}.Debug|Any CPU.Build.0 = Debug|Any CPU
		{14C8E335-CC9F-41F5-AACA-BC25985D4FBA}.Release|Any CPU.ActiveCfg = Release|Any CPU
		{14C8E335-CC9F-41F5-AACA-BC25985D4FBA}.Release|Any CPU.Build.0 = Release|Any CPU
		{7B65AD49-5B6D-46E5-9646-D9F77DA6F987}.Debug|Any CPU.ActiveCfg = Debug|Any CPU
		{7B65AD49-5B6D-46E5-9646-D9F77DA6F987}.Debug|Any CPU.Build.0 = Debug|Any CPU
		{7B65AD49-5B6D-46E5-9646-D9F77DA6F987}.Release|Any CPU.ActiveCfg = Release|Any CPU
		{7B65AD49-5B6D-46E5-9646-D9F77DA6F987}.Release|Any CPU.Build.0 = Release|Any CPU
	EndGlobalSection
	GlobalSection(SolutionProperties) = preSolution
		HideSolutionNode = FALSE
	EndGlobalSection
	GlobalSection(ExtensibilityGlobals) = postSolution
		SolutionGuid = {0E918347-79F1-4434-9D4D-BF8194742CB7}
	EndGlobalSection
EndGlobal
